
Microsoft Visual Studio Solution File, Format Version 12.00
# Visual Studio 14
VisualStudioVersion = 14.0.25123.0
MinimumVisualStudioVersion = 10.0.40219.1
Project("{FAE04EC0-301F-11D3-BF4B-00C04F79EFBC}") = "Ninjin.Cindy", "Ninjin.Cindy\Ninjin.Cindy.csproj", "{50FD831B-9860-4C41-A73C-42CB99DA6A76}"
EndProject
Project("{FAE04EC0-301F-11D3-BF4B-00C04F79EFBC}") = "Test", "APITest\Test.csproj", "{68357253-02C2-4FB8-AB7C-2D828C95FFA2}"
EndProject
Global
	GlobalSection(SolutionConfigurationPlatforms) = preSolution
		Debug|Any CPU = Debug|Any CPU
		Release|Any CPU = Release|Any CPU
	EndGlobalSection
	GlobalSection(ProjectConfigurationPlatforms) = postSolution
		{50FD831B-9860-4C41-A73C-42CB99DA6A76}.Debug|Any CPU.ActiveCfg = Debug|Any CPU
		{50FD831B-9860-4C41-A73C-42CB99DA6A76}.Debug|Any CPU.Build.0 = Debug|Any CPU
		{50FD831B-9860-4C41-A73C-42CB99DA6A76}.Release|Any CPU.ActiveCfg = Release|Any CPU
		{50FD831B-9860-4C41-A73C-42CB99DA6A76}.Release|Any CPU.Build.0 = Release|Any CPU
		{68357253-02C2-4FB8-AB7C-2D828C95FFA2}.Debug|Any CPU.ActiveCfg = Debug|Any CPU
		{68357253-02C2-4FB8-AB7C-2D828C95FFA2}.Debug|Any CPU.Build.0 = Debug|Any CPU
		{68357253-02C2-4FB8-AB7C-2D828C95FFA2}.Release|Any CPU.ActiveCfg = Release|Any CPU
		{68357253-02C2-4FB8-AB7C-2D828C95FFA2}.Release|Any CPU.Build.0 = Release|Any CPU
	EndGlobalSection
	GlobalSection(SolutionProperties) = preSolution
		HideSolutionNode = FALSE
	EndGlobalSection
EndGlobal
